
Microsoft Visual Studio Solution File, Format Version 12.00
# Visual Studio Version 17
VisualStudioVersion = 17.13.35931.197
MinimumVisualStudioVersion = 10.0.40219.1
Project("{FAE04EC0-301F-11D3-BF4B-00C04F79EFBC}") = "EmployeesApp.Web", "EmployeesApp.Web\EmployeesApp.Web.csproj", "{4EFA4296-C2E4-4775-BD93-3A15268D83B3}"
EndProject
Project("{FAE04EC0-301F-11D3-BF4B-00C04F79EFBC}") = "EmployeesApp.Application", "EmployeesApp.Application\EmployeesApp.Application.csproj", "{227C8A14-480A-42DC-81E5-3A6F26B93620}"
EndProject
Project("{FAE04EC0-301F-11D3-BF4B-00C04F79EFBC}") = "EmployeesApp.Infrastructure", "EmployeesApp.Infrastructure\EmployeesApp.Infrastructure.csproj", "{94188782-D491-4B85-A5C9-B08447BCD2E3}"
EndProject
Project("{FAE04EC0-301F-11D3-BF4B-00C04F79EFBC}") = "EmployeesApp.Domain", "EmployeesApp.Domain\EmployeesApp.Domain.csproj", "{B6E3CC5E-C79A-4BCF-98F0-BBC6DE03270A}"
EndProject
Project("{FAE04EC0-301F-11D3-BF4B-00C04F79EFBC}") = "EmployeesApp.Terminal", "EmployeesApp.Terminal\EmployeesApp.Terminal.csproj", "{48984261-9D05-4E0E-B234-61371D43170F}"
EndProject
Global
	GlobalSection(SolutionConfigurationPlatforms) = preSolution
		Debug|Any CPU = Debug|Any CPU
		Release|Any CPU = Release|Any CPU
	EndGlobalSection
	GlobalSection(ProjectConfigurationPlatforms) = postSolution
		{4EFA4296-C2E4-4775-BD93-3A15268D83B3}.Debug|Any CPU.ActiveCfg = Debug|Any CPU
		{4EFA4296-C2E4-4775-BD93-3A15268D83B3}.Debug|Any CPU.Build.0 = Debug|Any CPU
		{4EFA4296-C2E4-4775-BD93-3A15268D83B3}.Release|Any CPU.ActiveCfg = Release|Any CPU
		{4EFA4296-C2E4-4775-BD93-3A15268D83B3}.Release|Any CPU.Build.0 = Release|Any CPU
		{227C8A14-480A-42DC-81E5-3A6F26B93620}.Debug|Any CPU.ActiveCfg = Debug|Any CPU
		{227C8A14-480A-42DC-81E5-3A6F26B93620}.Debug|Any CPU.Build.0 = Debug|Any CPU
		{227C8A14-480A-42DC-81E5-3A6F26B93620}.Release|Any CPU.ActiveCfg = Release|Any CPU
		{227C8A14-480A-42DC-81E5-3A6F26B93620}.Release|Any CPU.Build.0 = Release|Any CPU
		{94188782-D491-4B85-A5C9-B08447BCD2E3}.Debug|Any CPU.ActiveCfg = Debug|Any CPU
		{94188782-D491-4B85-A5C9-B08447BCD2E3}.Debug|Any CPU.Build.0 = Debug|Any CPU
		{94188782-D491-4B85-A5C9-B08447BCD2E3}.Release|Any CPU.ActiveCfg = Release|Any CPU
		{94188782-D491-4B85-A5C9-B08447BCD2E3}.Release|Any CPU.Build.0 = Release|Any CPU
		{B6E3CC5E-C79A-4BCF-98F0-BBC6DE03270A}.Debug|Any CPU.ActiveCfg = Debug|Any CPU
		{B6E3CC5E-C79A-4BCF-98F0-BBC6DE03270A}.Debug|Any CPU.Build.0 = Debug|Any CPU
		{B6E3CC5E-C79A-4BCF-98F0-BBC6DE03270A}.Release|Any CPU.ActiveCfg = Release|Any CPU
		{B6E3CC5E-C79A-4BCF-98F0-BBC6DE03270A}.Release|Any CPU.Build.0 = Release|Any CPU
		{48984261-9D05-4E0E-B234-61371D43170F}.Debug|Any CPU.ActiveCfg = Debug|Any CPU
		{48984261-9D05-4E0E-B234-61371D43170F}.Debug|Any CPU.Build.0 = Debug|Any CPU
		{48984261-9D05-4E0E-B234-61371D43170F}.Release|Any CPU.ActiveCfg = Release|Any CPU
		{48984261-9D05-4E0E-B234-61371D43170F}.Release|Any CPU.Build.0 = Release|Any CPU
	EndGlobalSection
	GlobalSection(SolutionProperties) = preSolution
		HideSolutionNode = FALSE
	EndGlobalSection
	GlobalSection(ExtensibilityGlobals) = postSolution
		SolutionGuid = {C4CD8CC3-1C4E-4AF3-A4F5-0595D59453E0}
	EndGlobalSection
EndGlobal
